
Microsoft Visual Studio Solution File, Format Version 12.00
# Visual Studio Version 17
VisualStudioVersion = 17.8.34309.116
MinimumVisualStudioVersion = 10.0.40219.1
Project("{9A19103F-16F7-4668-BE54-9A1E7A4F7556}") = "ProductsApp", "ProductsApp\ProductsApp.csproj", "{A4ECE094-EEF8-46BE-A9C4-04029758C039}"
EndProject
Project("{FAE04EC0-301F-11D3-BF4B-00C04F79EFBC}") = "dataLibrary", "dataLibrary\dataLibrary.csproj", "{5440A85F-625B-4673-B720-3E39FF31B447}"
EndProject
Global
	GlobalSection(SolutionConfigurationPlatforms) = preSolution
		Debug|Any CPU = Debug|Any CPU
		Release|Any CPU = Release|Any CPU
	EndGlobalSection
	GlobalSection(ProjectConfigurationPlatforms) = postSolution
		{A4ECE094-EEF8-46BE-A9C4-04029758C039}.Debug|Any CPU.ActiveCfg = Debug|Any CPU
		{A4ECE094-EEF8-46BE-A9C4-04029758C039}.Debug|Any CPU.Build.0 = Debug|Any CPU
		{A4ECE094-EEF8-46BE-A9C4-04029758C039}.Release|Any CPU.ActiveCfg = Release|Any CPU
		{A4ECE094-EEF8-46BE-A9C4-04029758C039}.Release|Any CPU.Build.0 = Release|Any CPU
		{5440A85F-625B-4673-B720-3E39FF31B447}.Debug|Any CPU.ActiveCfg = Debug|Any CPU
		{5440A85F-625B-4673-B720-3E39FF31B447}.Debug|Any CPU.Build.0 = Debug|Any CPU
		{5440A85F-625B-4673-B720-3E39FF31B447}.Release|Any CPU.ActiveCfg = Release|Any CPU
		{5440A85F-625B-4673-B720-3E39FF31B447}.Release|Any CPU.Build.0 = Release|Any CPU
	EndGlobalSection
	GlobalSection(SolutionProperties) = preSolution
		HideSolutionNode = FALSE
	EndGlobalSection
	GlobalSection(ExtensibilityGlobals) = postSolution
		SolutionGuid = {2B8A0FE5-315F-4D01-93B4-0292FC8923C9}
	EndGlobalSection
EndGlobal
